
Microsoft Visual Studio Solution File, Format Version 9.00
# Visual Studio 2005
Project("{9344bdbb-3e7f-41fc-a0dd-8665d75ee146}") = "TOARU-duino", "TOARU-duino.mdproj", "{488878BB-6DD4-4E36-980B-E3DA0E7A272E}"
EndProject
Global
	GlobalSection(SolutionConfigurationPlatforms) = preSolution
		Default|Any CPU = Default|Any CPU
	EndGlobalSection
	GlobalSection(ProjectConfigurationPlatforms) = postSolution
		{488878BB-6DD4-4E36-980B-E3DA0E7A272E}.Default|Any CPU.ActiveCfg = Default|Any CPU
		{488878BB-6DD4-4E36-980B-E3DA0E7A272E}.Default|Any CPU.Build.0 = Default|Any CPU
	EndGlobalSection
	GlobalSection(MonoDevelopProperties) = preSolution
		StartupItem = TOARU-duino.mdproj
	EndGlobalSection
EndGlobal
